
Microsoft Visual Studio Solution File, Format Version 12.00
Project("{FAE04EC0-301F-11D3-BF4B-00C04F79EFBC}") = "ToyBlockFactoryKata", "ToyBlockFactoryKata\ToyBlockFactoryKata.csproj", "{A300156C-D0C4-4443-9E85-5143FED2D20F}"
EndProject
Project("{FAE04EC0-301F-11D3-BF4B-00C04F79EFBC}") = "ToyBlockFactoryTests", "ToyBlockFactoryTests\ToyBlockFactoryTests.csproj", "{20244D0F-E143-4844-872D-1C72305A1D02}"
EndProject
Project("{FAE04EC0-301F-11D3-BF4B-00C04F79EFBC}") = "ToyBlockFactoryConsole", "ToyBlockFactoryConsole\ToyBlockFactoryConsole.csproj", "{769A4368-49C9-4755-AAD1-8798FE7FED76}"
EndProject
Project("{FAE04EC0-301F-11D3-BF4B-00C04F79EFBC}") = "ToyBlockFactoryWebApp", "ToyBlockFactoryWebApp\ToyBlockFactoryWebApp.csproj", "{8D347E01-8B70-472F-B4C3-E948A691E5D2}"
EndProject
Global
	GlobalSection(SolutionConfigurationPlatforms) = preSolution
		Debug|Any CPU = Debug|Any CPU
		Release|Any CPU = Release|Any CPU
	EndGlobalSection
	GlobalSection(ProjectConfigurationPlatforms) = postSolution
		{A300156C-D0C4-4443-9E85-5143FED2D20F}.Debug|Any CPU.ActiveCfg = Debug|Any CPU
		{A300156C-D0C4-4443-9E85-5143FED2D20F}.Debug|Any CPU.Build.0 = Debug|Any CPU
		{A300156C-D0C4-4443-9E85-5143FED2D20F}.Release|Any CPU.ActiveCfg = Release|Any CPU
		{A300156C-D0C4-4443-9E85-5143FED2D20F}.Release|Any CPU.Build.0 = Release|Any CPU
		{20244D0F-E143-4844-872D-1C72305A1D02}.Debug|Any CPU.ActiveCfg = Debug|Any CPU
		{20244D0F-E143-4844-872D-1C72305A1D02}.Debug|Any CPU.Build.0 = Debug|Any CPU
		{20244D0F-E143-4844-872D-1C72305A1D02}.Release|Any CPU.ActiveCfg = Release|Any CPU
		{769A4368-49C9-4755-AAD1-8798FE7FED76}.Debug|Any CPU.ActiveCfg = Debug|Any CPU
		{769A4368-49C9-4755-AAD1-8798FE7FED76}.Debug|Any CPU.Build.0 = Debug|Any CPU
		{769A4368-49C9-4755-AAD1-8798FE7FED76}.Release|Any CPU.ActiveCfg = Release|Any CPU
		{769A4368-49C9-4755-AAD1-8798FE7FED76}.Release|Any CPU.Build.0 = Release|Any CPU
		{8D347E01-8B70-472F-B4C3-E948A691E5D2}.Debug|Any CPU.ActiveCfg = Debug|Any CPU
		{8D347E01-8B70-472F-B4C3-E948A691E5D2}.Debug|Any CPU.Build.0 = Debug|Any CPU
		{8D347E01-8B70-472F-B4C3-E948A691E5D2}.Release|Any CPU.ActiveCfg = Release|Any CPU
		{8D347E01-8B70-472F-B4C3-E948A691E5D2}.Release|Any CPU.Build.0 = Release|Any CPU
	EndGlobalSection
EndGlobal
